# THIS FILE IS AUTOMATICALLY GENERATED. DO NOT EDIT.
---
yixe-lock: v0
inputs:
  sources:
    nixpkgs:
      npins:
        pins:
          nixpkgs:
            type: Channel
            name: nixos-unstable
            url: https://releases.nixos.org/nixos/unstable/nixos-25.05pre776537.52faf482a388/nixexprs.tar.xz
            hash: '08if3l96mns2h9nmkndrq3aylq70z0q0hvpyxw8j4y4dr6hgyggs'
        version: 5
